
Microsoft Visual Studio Solution File, Format Version 12.00
# Visual Studio Version 17
VisualStudioVersion = 17.8.34309.116
MinimumVisualStudioVersion = 10.0.40219.1
Project("{FAE04EC0-301F-11D3-BF4B-00C04F79EFBC}") = "bars", "bars\bars.csproj", "{EA41EF67-74E1-4114-9A8F-DCF365311639}"
EndProject
Global
	GlobalSection(SolutionConfigurationPlatforms) = preSolution
		Debug|Any CPU = Debug|Any CPU
		Release|Any CPU = Release|Any CPU
	EndGlobalSection
	GlobalSection(ProjectConfigurationPlatforms) = postSolution
		{EA41EF67-74E1-4114-9A8F-DCF365311639}.Debug|Any CPU.ActiveCfg = Debug|Any CPU
		{EA41EF67-74E1-4114-9A8F-DCF365311639}.Debug|Any CPU.Build.0 = Debug|Any CPU
		{EA41EF67-74E1-4114-9A8F-DCF365311639}.Release|Any CPU.ActiveCfg = Release|Any CPU
		{EA41EF67-74E1-4114-9A8F-DCF365311639}.Release|Any CPU.Build.0 = Release|Any CPU
	EndGlobalSection
	GlobalSection(SolutionProperties) = preSolution
		HideSolutionNode = FALSE
	EndGlobalSection
	GlobalSection(ExtensibilityGlobals) = postSolution
		SolutionGuid = {C19E6DE3-9CBD-4D4B-9B80-E3784647E327}
	EndGlobalSection
EndGlobal
